
Microsoft Visual Studio Solution File, Format Version 12.00
# Visual Studio Version 16
VisualStudioVersion = 16.0.29025.244
MinimumVisualStudioVersion = 10.0.40219.1
Project("{FAE04EC0-301F-11D3-BF4B-00C04F79EFBC}") = "Task1", "Task1\Task1.csproj", "{892797A5-884F-4E1A-AABC-7BA22DEA4A36}"
EndProject
Global
	GlobalSection(SolutionConfigurationPlatforms) = preSolution
		Debug|Any CPU = Debug|Any CPU
		Release|Any CPU = Release|Any CPU
	EndGlobalSection
	GlobalSection(ProjectConfigurationPlatforms) = postSolution
		{892797A5-884F-4E1A-AABC-7BA22DEA4A36}.Debug|Any CPU.ActiveCfg = Debug|Any CPU
		{892797A5-884F-4E1A-AABC-7BA22DEA4A36}.Debug|Any CPU.Build.0 = Debug|Any CPU
		{892797A5-884F-4E1A-AABC-7BA22DEA4A36}.Release|Any CPU.ActiveCfg = Release|Any CPU
		{892797A5-884F-4E1A-AABC-7BA22DEA4A36}.Release|Any CPU.Build.0 = Release|Any CPU
	EndGlobalSection
	GlobalSection(SolutionProperties) = preSolution
		HideSolutionNode = FALSE
	EndGlobalSection
	GlobalSection(ExtensibilityGlobals) = postSolution
		SolutionGuid = {10397F4D-D064-4064-A8FB-C7294186F49F}
	EndGlobalSection
EndGlobal
